
Microsoft Visual Studio Solution File, Format Version 12.00
# Visual Studio 2013
VisualStudioVersion = 12.0.30723.0
MinimumVisualStudioVersion = 10.0.40219.1
Project("{FAE04EC0-301F-11D3-BF4B-00C04F79EFBC}") = "Mic.Trash.WebUI", "Mic.Trash.WebUI\Mic.Trash.WebUI.csproj", "{84212325-36A6-451E-9AAC-3FFAB4D87293}"
	ProjectSection(ProjectDependencies) = postProject
		{DABD1022-C124-4725-B4CF-AB8B560C0F09} = {DABD1022-C124-4725-B4CF-AB8B560C0F09}
		{F9A45A55-5F65-4F9C-90AB-168057025E51} = {F9A45A55-5F65-4F9C-90AB-168057025E51}
		{0F9FD884-6FA9-4DC5-8771-78D6B57A35A8} = {0F9FD884-6FA9-4DC5-8771-78D6B57A35A8}
	EndProjectSection
EndProject
Project("{FAE04EC0-301F-11D3-BF4B-00C04F79EFBC}") = "Mic.Trash.WebUI.Unit.Tests", "Mic.Trash.WebUI.Unit.Tests\Mic.Trash.WebUI.Unit.Tests.csproj", "{DD2B874B-DB94-4418-A049-8B1B6894AE2E}"
EndProject
Project("{FAE04EC0-301F-11D3-BF4B-00C04F79EFBC}") = "Mic.Common", "Mic.Common\Mic.Common.csproj", "{DABD1022-C124-4725-B4CF-AB8B560C0F09}"
EndProject
Project("{FAE04EC0-301F-11D3-BF4B-00C04F79EFBC}") = "Mic.Trash.Domain", "Mic.Trash.Domain\Mic.Trash.Domain.csproj", "{0F9FD884-6FA9-4DC5-8771-78D6B57A35A8}"
EndProject
Project("{FAE04EC0-301F-11D3-BF4B-00C04F79EFBC}") = "Mic.Trash.RepositoryInterfaces", "Mic.Trash.RepositoryInterfaces\Mic.Trash.RepositoryInterfaces.csproj", "{7F5A72AA-6A43-49DA-8E5C-292B76EAD3C7}"
	ProjectSection(ProjectDependencies) = postProject
		{0F9FD884-6FA9-4DC5-8771-78D6B57A35A8} = {0F9FD884-6FA9-4DC5-8771-78D6B57A35A8}
	EndProjectSection
EndProject
Project("{FAE04EC0-301F-11D3-BF4B-00C04F79EFBC}") = "Mic.Trash.BusinessInterfaces", "Mic.Trash.BusinessInterfaces\Mic.Trash.BusinessInterfaces.csproj", "{F9A45A55-5F65-4F9C-90AB-168057025E51}"
	ProjectSection(ProjectDependencies) = postProject
		{0F9FD884-6FA9-4DC5-8771-78D6B57A35A8} = {0F9FD884-6FA9-4DC5-8771-78D6B57A35A8}
		{7F5A72AA-6A43-49DA-8E5C-292B76EAD3C7} = {7F5A72AA-6A43-49DA-8E5C-292B76EAD3C7}
	EndProjectSection
EndProject
Project("{FAE04EC0-301F-11D3-BF4B-00C04F79EFBC}") = "Mic.Trash.Data", "Mic.Trash.Data\Mic.Trash.Data.csproj", "{3C83A6A2-1CAF-42C4-8ACF-FA1E875F39E6}"
	ProjectSection(ProjectDependencies) = postProject
		{0F9FD884-6FA9-4DC5-8771-78D6B57A35A8} = {0F9FD884-6FA9-4DC5-8771-78D6B57A35A8}
		{7F5A72AA-6A43-49DA-8E5C-292B76EAD3C7} = {7F5A72AA-6A43-49DA-8E5C-292B76EAD3C7}
	EndProjectSection
EndProject
Project("{FAE04EC0-301F-11D3-BF4B-00C04F79EFBC}") = "Mic.Trash.Business", "Mic.Trash.Business\Mic.Trash.Business.csproj", "{CC288697-DFCF-4C6A-A3D3-398022595BCC}"
	ProjectSection(ProjectDependencies) = postProject
		{DABD1022-C124-4725-B4CF-AB8B560C0F09} = {DABD1022-C124-4725-B4CF-AB8B560C0F09}
		{F9A45A55-5F65-4F9C-90AB-168057025E51} = {F9A45A55-5F65-4F9C-90AB-168057025E51}
		{0F9FD884-6FA9-4DC5-8771-78D6B57A35A8} = {0F9FD884-6FA9-4DC5-8771-78D6B57A35A8}
		{7F5A72AA-6A43-49DA-8E5C-292B76EAD3C7} = {7F5A72AA-6A43-49DA-8E5C-292B76EAD3C7}
	EndProjectSection
EndProject
Project("{FAE04EC0-301F-11D3-BF4B-00C04F79EFBC}") = "Mic.Trash.DependencyResolution", "Mic.Trash.DependencyResolution\Mic.Trash.DependencyResolution.csproj", "{437AB375-0E91-4FC9-AC1F-11947A70CAE8}"
	ProjectSection(ProjectDependencies) = postProject
		{F9A45A55-5F65-4F9C-90AB-168057025E51} = {F9A45A55-5F65-4F9C-90AB-168057025E51}
		{0F9FD884-6FA9-4DC5-8771-78D6B57A35A8} = {0F9FD884-6FA9-4DC5-8771-78D6B57A35A8}
		{CC288697-DFCF-4C6A-A3D3-398022595BCC} = {CC288697-DFCF-4C6A-A3D3-398022595BCC}
		{3C83A6A2-1CAF-42C4-8ACF-FA1E875F39E6} = {3C83A6A2-1CAF-42C4-8ACF-FA1E875F39E6}
		{7F5A72AA-6A43-49DA-8E5C-292B76EAD3C7} = {7F5A72AA-6A43-49DA-8E5C-292B76EAD3C7}
	EndProjectSection
EndProject
Project("{2150E333-8FDC-42A3-9474-1A3956D46DE8}") = "1. UI", "1. UI", "{CEFD0864-DD73-4809-B49A-96D98216BE59}"
EndProject
Global
	GlobalSection(SolutionConfigurationPlatforms) = preSolution
		Debug|Any CPU = Debug|Any CPU
		Release|Any CPU = Release|Any CPU
	EndGlobalSection
	GlobalSection(ProjectConfigurationPlatforms) = postSolution
		{84212325-36A6-451E-9AAC-3FFAB4D87293}.Debug|Any CPU.ActiveCfg = Debug|Any CPU
		{84212325-36A6-451E-9AAC-3FFAB4D87293}.Debug|Any CPU.Build.0 = Debug|Any CPU
		{84212325-36A6-451E-9AAC-3FFAB4D87293}.Release|Any CPU.ActiveCfg = Release|Any CPU
		{84212325-36A6-451E-9AAC-3FFAB4D87293}.Release|Any CPU.Build.0 = Release|Any CPU
		{DD2B874B-DB94-4418-A049-8B1B6894AE2E}.Debug|Any CPU.ActiveCfg = Debug|Any CPU
		{DD2B874B-DB94-4418-A049-8B1B6894AE2E}.Debug|Any CPU.Build.0 = Debug|Any CPU
		{DD2B874B-DB94-4418-A049-8B1B6894AE2E}.Release|Any CPU.ActiveCfg = Release|Any CPU
		{DD2B874B-DB94-4418-A049-8B1B6894AE2E}.Release|Any CPU.Build.0 = Release|Any CPU
		{DABD1022-C124-4725-B4CF-AB8B560C0F09}.Debug|Any CPU.ActiveCfg = Debug|Any CPU
		{DABD1022-C124-4725-B4CF-AB8B560C0F09}.Debug|Any CPU.Build.0 = Debug|Any CPU
		{DABD1022-C124-4725-B4CF-AB8B560C0F09}.Release|Any CPU.ActiveCfg = Release|Any CPU
		{DABD1022-C124-4725-B4CF-AB8B560C0F09}.Release|Any CPU.Build.0 = Release|Any CPU
		{0F9FD884-6FA9-4DC5-8771-78D6B57A35A8}.Debug|Any CPU.ActiveCfg = Debug|Any CPU
		{0F9FD884-6FA9-4DC5-8771-78D6B57A35A8}.Debug|Any CPU.Build.0 = Debug|Any CPU
		{0F9FD884-6FA9-4DC5-8771-78D6B57A35A8}.Release|Any CPU.ActiveCfg = Release|Any CPU
		{0F9FD884-6FA9-4DC5-8771-78D6B57A35A8}.Release|Any CPU.Build.0 = Release|Any CPU
		{7F5A72AA-6A43-49DA-8E5C-292B76EAD3C7}.Debug|Any CPU.ActiveCfg = Debug|Any CPU
		{7F5A72AA-6A43-49DA-8E5C-292B76EAD3C7}.Debug|Any CPU.Build.0 = Debug|Any CPU
		{7F5A72AA-6A43-49DA-8E5C-292B76EAD3C7}.Release|Any CPU.ActiveCfg = Release|Any CPU
		{7F5A72AA-6A43-49DA-8E5C-292B76EAD3C7}.Release|Any CPU.Build.0 = Release|Any CPU
		{F9A45A55-5F65-4F9C-90AB-168057025E51}.Debug|Any CPU.ActiveCfg = Debug|Any CPU
		{F9A45A55-5F65-4F9C-90AB-168057025E51}.Debug|Any CPU.Build.0 = Debug|Any CPU
		{F9A45A55-5F65-4F9C-90AB-168057025E51}.Release|Any CPU.ActiveCfg = Release|Any CPU
		{F9A45A55-5F65-4F9C-90AB-168057025E51}.Release|Any CPU.Build.0 = Release|Any CPU
		{3C83A6A2-1CAF-42C4-8ACF-FA1E875F39E6}.Debug|Any CPU.ActiveCfg = Debug|Any CPU
		{3C83A6A2-1CAF-42C4-8ACF-FA1E875F39E6}.Debug|Any CPU.Build.0 = Debug|Any CPU
		{3C83A6A2-1CAF-42C4-8ACF-FA1E875F39E6}.Release|Any CPU.ActiveCfg = Release|Any CPU
		{3C83A6A2-1CAF-42C4-8ACF-FA1E875F39E6}.Release|Any CPU.Build.0 = Release|Any CPU
		{CC288697-DFCF-4C6A-A3D3-398022595BCC}.Debug|Any CPU.ActiveCfg = Debug|Any CPU
		{CC288697-DFCF-4C6A-A3D3-398022595BCC}.Debug|Any CPU.Build.0 = Debug|Any CPU
		{CC288697-DFCF-4C6A-A3D3-398022595BCC}.Release|Any CPU.ActiveCfg = Release|Any CPU
		{CC288697-DFCF-4C6A-A3D3-398022595BCC}.Release|Any CPU.Build.0 = Release|Any CPU
		{437AB375-0E91-4FC9-AC1F-11947A70CAE8}.Debug|Any CPU.ActiveCfg = Debug|Any CPU
		{437AB375-0E91-4FC9-AC1F-11947A70CAE8}.Debug|Any CPU.Build.0 = Debug|Any CPU
		{437AB375-0E91-4FC9-AC1F-11947A70CAE8}.Release|Any CPU.ActiveCfg = Release|Any CPU
		{437AB375-0E91-4FC9-AC1F-11947A70CAE8}.Release|Any CPU.Build.0 = Release|Any CPU
	EndGlobalSection
	GlobalSection(SolutionProperties) = preSolution
		HideSolutionNode = FALSE
	EndGlobalSection
	GlobalSection(NestedProjects) = preSolution
		{84212325-36A6-451E-9AAC-3FFAB4D87293} = {CEFD0864-DD73-4809-B49A-96D98216BE59}
		{DD2B874B-DB94-4418-A049-8B1B6894AE2E} = {CEFD0864-DD73-4809-B49A-96D98216BE59}
	EndGlobalSection
EndGlobal
